
Microsoft Visual Studio Solution File, Format Version 12.00
# Visual Studio Version 16
VisualStudioVersion = 16.0.31410.357
MinimumVisualStudioVersion = 10.0.40219.1
Project("{FAE04EC0-301F-11D3-BF4B-00C04F79EFBC}") = "FormSystem", "FormSystem\FormSystem.csproj", "{4CDBF437-E98B-4E05-BE5B-DA10C77CD96F}"
EndProject
Global
	GlobalSection(SolutionConfigurationPlatforms) = preSolution
		Debug|Any CPU = Debug|Any CPU
		Release|Any CPU = Release|Any CPU
	EndGlobalSection
	GlobalSection(ProjectConfigurationPlatforms) = postSolution
		{4CDBF437-E98B-4E05-BE5B-DA10C77CD96F}.Debug|Any CPU.ActiveCfg = Debug|Any CPU
		{4CDBF437-E98B-4E05-BE5B-DA10C77CD96F}.Debug|Any CPU.Build.0 = Debug|Any CPU
		{4CDBF437-E98B-4E05-BE5B-DA10C77CD96F}.Release|Any CPU.ActiveCfg = Release|Any CPU
		{4CDBF437-E98B-4E05-BE5B-DA10C77CD96F}.Release|Any CPU.Build.0 = Release|Any CPU
	EndGlobalSection
	GlobalSection(SolutionProperties) = preSolution
		HideSolutionNode = FALSE
	EndGlobalSection
	GlobalSection(ExtensibilityGlobals) = postSolution
		SolutionGuid = {B69325FD-4EB5-4C31-9D84-C297169D13B5}
	EndGlobalSection
EndGlobal
